
Microsoft Visual Studio Solution File, Format Version 12.00
# Visual Studio 15
Project("{FAE04EC0-301F-11D3-BF4B-00C04F79EFBC}") = "Assembly-CSharp", "Assembly-CSharp.csproj", "{CE1837C5-3F16-6A6E-2D1C-9485B02C8B26}"
EndProject
Project("{FAE04EC0-301F-11D3-BF4B-00C04F79EFBC}") = "Assembly-CSharp-Editor", "Assembly-CSharp-Editor.csproj", "{2A7C2AA5-1740-FB33-CD20-925031003EEE}"
EndProject
Global
	GlobalSection(SolutionConfigurationPlatforms) = preSolution
		Debug|Any CPU = Debug|Any CPU
		Release|Any CPU = Release|Any CPU
	EndGlobalSection
	GlobalSection(ProjectConfigurationPlatforms) = postSolution
		{CE1837C5-3F16-6A6E-2D1C-9485B02C8B26}.Debug|Any CPU.ActiveCfg = Debug|Any CPU
		{CE1837C5-3F16-6A6E-2D1C-9485B02C8B26}.Debug|Any CPU.Build.0 = Debug|Any CPU
		{CE1837C5-3F16-6A6E-2D1C-9485B02C8B26}.Release|Any CPU.ActiveCfg = Release|Any CPU
		{CE1837C5-3F16-6A6E-2D1C-9485B02C8B26}.Release|Any CPU.Build.0 = Release|Any CPU
		{2A7C2AA5-1740-FB33-CD20-925031003EEE}.Debug|Any CPU.ActiveCfg = Debug|Any CPU
		{2A7C2AA5-1740-FB33-CD20-925031003EEE}.Debug|Any CPU.Build.0 = Debug|Any CPU
		{2A7C2AA5-1740-FB33-CD20-925031003EEE}.Release|Any CPU.ActiveCfg = Release|Any CPU
		{2A7C2AA5-1740-FB33-CD20-925031003EEE}.Release|Any CPU.Build.0 = Release|Any CPU
	EndGlobalSection
	GlobalSection(SolutionProperties) = preSolution
		HideSolutionNode = FALSE
	EndGlobalSection
EndGlobal
